{
  "lockfileVersion": 1,
  "workspaces": {
    "": {
      "name": "jostylr-site",
      "dependencies": {
        "marked": "^9.1.2",
      },
    },
  },
  "packages": {
    "marked": ["marked@9.1.6", "", { "bin": { "marked": "bin/marked.js" } }, "sha512-jcByLnIFkd5gSXZmjNvS1TlmRhCXZjIzHYlaGkPlLIekG55JDR2Z4va9tZwCiP+/RDERiNhMOFu01xd6O5ct1Q=="],
  }
}
